
Microsoft Visual Studio Solution File, Format Version 12.00
# Visual Studio 15
VisualStudioVersion = 15.0.26730.16
MinimumVisualStudioVersion = 10.0.40219.1
Project("{FAE04EC0-301F-11D3-BF4B-00C04F79EFBC}") = "HelloWorld", "HelloWorld\HelloWorld.csproj", "{4CC71D91-6E9A-4B8C-BB34-A6A68BBBBBB5}"
EndProject
Project("{FAE04EC0-301F-11D3-BF4B-00C04F79EFBC}") = "HelloWorldAPI", "HelloWorldAPI\HelloWorldAPI.csproj", "{B79BFD22-9F9D-426E-AC6F-2C91E6AFB2F6}"
EndProject
Project("{FAE04EC0-301F-11D3-BF4B-00C04F79EFBC}") = "HelloWorld.DAL", "HelloWorld.DAL\HelloWorld.DAL.csproj", "{3A4543E1-ACB2-4072-A75E-B1F2263EAD22}"
EndProject
Project("{FAE04EC0-301F-11D3-BF4B-00C04F79EFBC}") = "HelloWorld.BL", "HelloWorld.BL\HelloWorld.BL.csproj", "{20D19012-10B2-43C0-8051-03E18F37B466}"
EndProject
Project("{FAE04EC0-301F-11D3-BF4B-00C04F79EFBC}") = "HelloWorldTest", "HelloWorldTest\HelloWorldTest.csproj", "{985F7BF6-515E-4AE6-A9B1-39E9A105D3EE}"
EndProject
Global
	GlobalSection(SolutionConfigurationPlatforms) = preSolution
		Debug|Any CPU = Debug|Any CPU
		Release|Any CPU = Release|Any CPU
	EndGlobalSection
	GlobalSection(ProjectConfigurationPlatforms) = postSolution
		{4CC71D91-6E9A-4B8C-BB34-A6A68BBBBBB5}.Debug|Any CPU.ActiveCfg = Debug|Any CPU
		{4CC71D91-6E9A-4B8C-BB34-A6A68BBBBBB5}.Debug|Any CPU.Build.0 = Debug|Any CPU
		{4CC71D91-6E9A-4B8C-BB34-A6A68BBBBBB5}.Release|Any CPU.ActiveCfg = Release|Any CPU
		{4CC71D91-6E9A-4B8C-BB34-A6A68BBBBBB5}.Release|Any CPU.Build.0 = Release|Any CPU
		{B79BFD22-9F9D-426E-AC6F-2C91E6AFB2F6}.Debug|Any CPU.ActiveCfg = Debug|Any CPU
		{B79BFD22-9F9D-426E-AC6F-2C91E6AFB2F6}.Debug|Any CPU.Build.0 = Debug|Any CPU
		{B79BFD22-9F9D-426E-AC6F-2C91E6AFB2F6}.Release|Any CPU.ActiveCfg = Release|Any CPU
		{B79BFD22-9F9D-426E-AC6F-2C91E6AFB2F6}.Release|Any CPU.Build.0 = Release|Any CPU
		{3A4543E1-ACB2-4072-A75E-B1F2263EAD22}.Debug|Any CPU.ActiveCfg = Debug|Any CPU
		{3A4543E1-ACB2-4072-A75E-B1F2263EAD22}.Debug|Any CPU.Build.0 = Debug|Any CPU
		{3A4543E1-ACB2-4072-A75E-B1F2263EAD22}.Release|Any CPU.ActiveCfg = Release|Any CPU
		{3A4543E1-ACB2-4072-A75E-B1F2263EAD22}.Release|Any CPU.Build.0 = Release|Any CPU
		{20D19012-10B2-43C0-8051-03E18F37B466}.Debug|Any CPU.ActiveCfg = Debug|Any CPU
		{20D19012-10B2-43C0-8051-03E18F37B466}.Debug|Any CPU.Build.0 = Debug|Any CPU
		{20D19012-10B2-43C0-8051-03E18F37B466}.Release|Any CPU.ActiveCfg = Release|Any CPU
		{20D19012-10B2-43C0-8051-03E18F37B466}.Release|Any CPU.Build.0 = Release|Any CPU
		{985F7BF6-515E-4AE6-A9B1-39E9A105D3EE}.Debug|Any CPU.ActiveCfg = Debug|Any CPU
		{985F7BF6-515E-4AE6-A9B1-39E9A105D3EE}.Debug|Any CPU.Build.0 = Debug|Any CPU
		{985F7BF6-515E-4AE6-A9B1-39E9A105D3EE}.Release|Any CPU.ActiveCfg = Release|Any CPU
		{985F7BF6-515E-4AE6-A9B1-39E9A105D3EE}.Release|Any CPU.Build.0 = Release|Any CPU
	EndGlobalSection
	GlobalSection(SolutionProperties) = preSolution
		HideSolutionNode = FALSE
	EndGlobalSection
	GlobalSection(ExtensibilityGlobals) = postSolution
		SolutionGuid = {6FFA90D9-7DF7-425D-AB6F-A6C1566A0E80}
	EndGlobalSection
EndGlobal
